
Microsoft Visual Studio Solution File, Format Version 12.00
# Visual Studio Version 17
VisualStudioVersion = 17.0.31903.59
MinimumVisualStudioVersion = 10.0.40219.1
Project("{2150E333-8FDC-42A3-9474-1A3956D46DE8}") = "src", "src", "{094673A8-03F9-40AA-8588-770C40D7068B}"
EndProject
Project("{FAE04EC0-301F-11D3-BF4B-00C04F79EFBC}") = "CitiesOnMap.WebAPI", "src\CitiesOnMap.WebAPI\CitiesOnMap.WebAPI.csproj", "{A921A303-FE38-495A-A92A-BB4C535FB26E}"
EndProject
Project("{FAE04EC0-301F-11D3-BF4B-00C04F79EFBC}") = "CitiesOnMap.Infrastructure", "src\CitiesOnMap.Infrastructure\CitiesOnMap.Infrastructure.csproj", "{2448F0A0-F9B3-49D5-AB53-836346DDA390}"
EndProject
Project("{FAE04EC0-301F-11D3-BF4B-00C04F79EFBC}") = "CitiesOnMap.Application", "src\CitiesOnMap.Application\CitiesOnMap.Application.csproj", "{F2B461DB-5D90-4DBB-831E-3F60AF8749BA}"
EndProject
Project("{FAE04EC0-301F-11D3-BF4B-00C04F79EFBC}") = "CitiesOnMap.Domain", "src\CitiesOnMap.Domain\CitiesOnMap.Domain.csproj", "{AE88CE30-CB4A-46DE-8A87-BDD80185F945}"
EndProject
Project("{2150E333-8FDC-42A3-9474-1A3956D46DE8}") = "tests", "tests", "{0A5CB29C-3C84-4526-A2D7-D3AE6778C684}"
EndProject
Project("{FAE04EC0-301F-11D3-BF4B-00C04F79EFBC}") = "CitiesOnMap.Application.Tests", "tests\CitiesOnMap.Application.Tests\CitiesOnMap.Application.Tests.csproj", "{7A24C6C4-D7D1-4CDA-855B-ECAF96639941}"
EndProject
Global
	GlobalSection(SolutionConfigurationPlatforms) = preSolution
		Debug|Any CPU = Debug|Any CPU
		Release|Any CPU = Release|Any CPU
	EndGlobalSection
	GlobalSection(SolutionProperties) = preSolution
		HideSolutionNode = FALSE
	EndGlobalSection
	GlobalSection(ProjectConfigurationPlatforms) = postSolution
		{A921A303-FE38-495A-A92A-BB4C535FB26E}.Debug|Any CPU.ActiveCfg = Debug|Any CPU
		{A921A303-FE38-495A-A92A-BB4C535FB26E}.Debug|Any CPU.Build.0 = Debug|Any CPU
		{A921A303-FE38-495A-A92A-BB4C535FB26E}.Release|Any CPU.ActiveCfg = Release|Any CPU
		{A921A303-FE38-495A-A92A-BB4C535FB26E}.Release|Any CPU.Build.0 = Release|Any CPU
		{2448F0A0-F9B3-49D5-AB53-836346DDA390}.Debug|Any CPU.ActiveCfg = Debug|Any CPU
		{2448F0A0-F9B3-49D5-AB53-836346DDA390}.Debug|Any CPU.Build.0 = Debug|Any CPU
		{2448F0A0-F9B3-49D5-AB53-836346DDA390}.Release|Any CPU.ActiveCfg = Release|Any CPU
		{2448F0A0-F9B3-49D5-AB53-836346DDA390}.Release|Any CPU.Build.0 = Release|Any CPU
		{F2B461DB-5D90-4DBB-831E-3F60AF8749BA}.Debug|Any CPU.ActiveCfg = Debug|Any CPU
		{F2B461DB-5D90-4DBB-831E-3F60AF8749BA}.Debug|Any CPU.Build.0 = Debug|Any CPU
		{F2B461DB-5D90-4DBB-831E-3F60AF8749BA}.Release|Any CPU.ActiveCfg = Release|Any CPU
		{F2B461DB-5D90-4DBB-831E-3F60AF8749BA}.Release|Any CPU.Build.0 = Release|Any CPU
		{AE88CE30-CB4A-46DE-8A87-BDD80185F945}.Debug|Any CPU.ActiveCfg = Debug|Any CPU
		{AE88CE30-CB4A-46DE-8A87-BDD80185F945}.Debug|Any CPU.Build.0 = Debug|Any CPU
		{AE88CE30-CB4A-46DE-8A87-BDD80185F945}.Release|Any CPU.ActiveCfg = Release|Any CPU
		{AE88CE30-CB4A-46DE-8A87-BDD80185F945}.Release|Any CPU.Build.0 = Release|Any CPU
		{7A24C6C4-D7D1-4CDA-855B-ECAF96639941}.Debug|Any CPU.ActiveCfg = Debug|Any CPU
		{7A24C6C4-D7D1-4CDA-855B-ECAF96639941}.Debug|Any CPU.Build.0 = Debug|Any CPU
		{7A24C6C4-D7D1-4CDA-855B-ECAF96639941}.Release|Any CPU.ActiveCfg = Release|Any CPU
		{7A24C6C4-D7D1-4CDA-855B-ECAF96639941}.Release|Any CPU.Build.0 = Release|Any CPU
	EndGlobalSection
	GlobalSection(NestedProjects) = preSolution
		{A921A303-FE38-495A-A92A-BB4C535FB26E} = {094673A8-03F9-40AA-8588-770C40D7068B}
		{2448F0A0-F9B3-49D5-AB53-836346DDA390} = {094673A8-03F9-40AA-8588-770C40D7068B}
		{F2B461DB-5D90-4DBB-831E-3F60AF8749BA} = {094673A8-03F9-40AA-8588-770C40D7068B}
		{AE88CE30-CB4A-46DE-8A87-BDD80185F945} = {094673A8-03F9-40AA-8588-770C40D7068B}
		{7A24C6C4-D7D1-4CDA-855B-ECAF96639941} = {0A5CB29C-3C84-4526-A2D7-D3AE6778C684}
	EndGlobalSection
EndGlobal
